
Microsoft Visual Studio Solution File, Format Version 12.00
# Visual Studio 15
VisualStudioVersion = 15.0.27130.2020
MinimumVisualStudioVersion = 10.0.40219.1
Project("{FAE04EC0-301F-11D3-BF4B-00C04F79EFBC}") = "TravelExperts", "TravelExperts\TravelExperts.csproj", "{6522FABF-AE7C-477C-8D36-B923A9D3599C}"
EndProject
Global
	GlobalSection(SolutionConfigurationPlatforms) = preSolution
		Debug|Any CPU = Debug|Any CPU
		Release|Any CPU = Release|Any CPU
	EndGlobalSection
	GlobalSection(ProjectConfigurationPlatforms) = postSolution
		{6522FABF-AE7C-477C-8D36-B923A9D3599C}.Debug|Any CPU.ActiveCfg = Debug|Any CPU
		{6522FABF-AE7C-477C-8D36-B923A9D3599C}.Debug|Any CPU.Build.0 = Debug|Any CPU
		{6522FABF-AE7C-477C-8D36-B923A9D3599C}.Release|Any CPU.ActiveCfg = Release|Any CPU
		{6522FABF-AE7C-477C-8D36-B923A9D3599C}.Release|Any CPU.Build.0 = Release|Any CPU
	EndGlobalSection
	GlobalSection(SolutionProperties) = preSolution
		HideSolutionNode = FALSE
	EndGlobalSection
	GlobalSection(ExtensibilityGlobals) = postSolution
		SolutionGuid = {EE3E149A-6895-4394-958B-151FCF403C61}
	EndGlobalSection
EndGlobal
